{
  "pins" : [
    {
      "identity" : "javascriptkit",
      "kind" : "remoteSourceControl",
      "location" : "https://github.com/swiftwasm/JavaScriptKit",
      "state" : {
        "revision" : "dac9d7b0342c5027fc74c8d2f212f10624123a7b",
        "version" : "0.17.0"
      }
    },
    {
      "identity" : "web",
      "kind" : "remoteSourceControl",
      "location" : "https://github.com/swifweb/web",
      "state" : {
        "revision" : "35c3157ddfaeac215db02246741e4162c6fb54e7",
        "version" : "1.0.0-beta.3.3.0"
      }
    }
  ],
  "version" : 2
}
